
Microsoft Visual Studio Solution File, Format Version 12.00
# Visual Studio Version 16
VisualStudioVersion = 16.0.30114.105
MinimumVisualStudioVersion = 10.0.40219.1
Project("{FAE04EC0-301F-11D3-BF4B-00C04F79EFBC}") = "API", "API\API.csproj", "{52AE5FAE-F110-4210-AC2E-3986A486DE1D}"
EndProject
Project("{FAE04EC0-301F-11D3-BF4B-00C04F79EFBC}") = "Core", "Core\Core.csproj", "{AC5BD3B1-491B-4E5A-9F7F-A44C7A95A03C}"
EndProject
Project("{FAE04EC0-301F-11D3-BF4B-00C04F79EFBC}") = "Infrastructure", "Infrastructure\Infrastructure.csproj", "{E58A762C-2418-4952-B014-AE192FFC02DC}"
EndProject
Global
	GlobalSection(SolutionConfigurationPlatforms) = preSolution
		Debug|Any CPU = Debug|Any CPU
		Release|Any CPU = Release|Any CPU
	EndGlobalSection
	GlobalSection(SolutionProperties) = preSolution
		HideSolutionNode = FALSE
	EndGlobalSection
	GlobalSection(ProjectConfigurationPlatforms) = postSolution
		{52AE5FAE-F110-4210-AC2E-3986A486DE1D}.Debug|Any CPU.ActiveCfg = Debug|Any CPU
		{52AE5FAE-F110-4210-AC2E-3986A486DE1D}.Debug|Any CPU.Build.0 = Debug|Any CPU
		{52AE5FAE-F110-4210-AC2E-3986A486DE1D}.Release|Any CPU.ActiveCfg = Release|Any CPU
		{52AE5FAE-F110-4210-AC2E-3986A486DE1D}.Release|Any CPU.Build.0 = Release|Any CPU
		{AC5BD3B1-491B-4E5A-9F7F-A44C7A95A03C}.Debug|Any CPU.ActiveCfg = Debug|Any CPU
		{AC5BD3B1-491B-4E5A-9F7F-A44C7A95A03C}.Debug|Any CPU.Build.0 = Debug|Any CPU
		{AC5BD3B1-491B-4E5A-9F7F-A44C7A95A03C}.Release|Any CPU.ActiveCfg = Release|Any CPU
		{AC5BD3B1-491B-4E5A-9F7F-A44C7A95A03C}.Release|Any CPU.Build.0 = Release|Any CPU
		{E58A762C-2418-4952-B014-AE192FFC02DC}.Debug|Any CPU.ActiveCfg = Debug|Any CPU
		{E58A762C-2418-4952-B014-AE192FFC02DC}.Debug|Any CPU.Build.0 = Debug|Any CPU
		{E58A762C-2418-4952-B014-AE192FFC02DC}.Release|Any CPU.ActiveCfg = Release|Any CPU
		{E58A762C-2418-4952-B014-AE192FFC02DC}.Release|Any CPU.Build.0 = Release|Any CPU
	EndGlobalSection
EndGlobal
